
Microsoft Visual Studio Solution File, Format Version 12.00
# Visual Studio Version 17
VisualStudioVersion = 17.6.33717.318
MinimumVisualStudioVersion = 10.0.40219.1
Project("{FAE04EC0-301F-11D3-BF4B-00C04F79EFBC}") = "FR_project", "FR_project\FR_project.csproj", "{228FE513-F688-40CF-8C56-74EA59BA2A4A}"
EndProject
Global
	GlobalSection(SolutionConfigurationPlatforms) = preSolution
		Debug|Any CPU = Debug|Any CPU
		Release|Any CPU = Release|Any CPU
	EndGlobalSection
	GlobalSection(ProjectConfigurationPlatforms) = postSolution
		{228FE513-F688-40CF-8C56-74EA59BA2A4A}.Debug|Any CPU.ActiveCfg = Debug|Any CPU
		{228FE513-F688-40CF-8C56-74EA59BA2A4A}.Debug|Any CPU.Build.0 = Debug|Any CPU
		{228FE513-F688-40CF-8C56-74EA59BA2A4A}.Release|Any CPU.ActiveCfg = Release|Any CPU
		{228FE513-F688-40CF-8C56-74EA59BA2A4A}.Release|Any CPU.Build.0 = Release|Any CPU
	EndGlobalSection
	GlobalSection(SolutionProperties) = preSolution
		HideSolutionNode = FALSE
	EndGlobalSection
	GlobalSection(ExtensibilityGlobals) = postSolution
		SolutionGuid = {D9E3E116-9ADD-431A-9833-53682958F216}
	EndGlobalSection
EndGlobal
